// !$*UTF8*$!
{
	archiveVersion = 1;
	classes = {
	};
	objectVersion = 56;
	objects = {

/* Begin PBXBuildFile section */
		E80090D62B1D60C40070F8DD /* Screen.swift in Sources */ = {isa = PBXBuildFile; fileRef = E80090D52B1D60C40070F8DD /* Screen.swift */; };
		E8A1A39B2B1D5C7A001F157A /* TCAStackNavExampleApp.swift in Sources */ = {isa = PBXBuildFile; fileRef = E8A1A39A2B1D5C7A001F157A /* TCAStackNavExampleApp.swift */; };
		E8A1A39D2B1D5C7A001F157A /* ContentView.swift in Sources */ = {isa = PBXBuildFile; fileRef = E8A1A39C2B1D5C7A001F157A /* ContentView.swift */; };
		E8A1A39F2B1D5C7D001F157A /* Assets.xcassets in Resources */ = {isa = PBXBuildFile; fileRef = E8A1A39E2B1D5C7D001F157A /* Assets.xcassets */; };
		E8A1A3A22B1D5C7D001F157A /* Preview Assets.xcassets in Resources */ = {isa = PBXBuildFile; fileRef = E8A1A3A12B1D5C7D001F157A /* Preview Assets.xcassets */; };
		E8A1A3AA2B1D5CC7001F157A /* TCAStackNav in Frameworks */ = {isa = PBXBuildFile; productRef = E8A1A3A92B1D5CC7001F157A /* TCAStackNav */; };
/* End PBXBuildFile section */

/* Begin PBXFileReference section */
		E80090D52B1D60C40070F8DD /* Screen.swift */ = {isa = PBXFileReference; lastKnownFileType = sourcecode.swift; path = Screen.swift; sourceTree = "<group>"; };
		E8A1A3972B1D5C7A001F157A /* TCAStackNavExample.app */ = {isa = PBXFileReference; explicitFileType = wrapper.application; includeInIndex = 0; path = TCAStackNavExample.app; sourceTree = BUILT_PRODUCTS_DIR; };
		E8A1A39A2B1D5C7A001F157A /* TCAStackNavExampleApp.swift */ = {isa = PBXFileReference; lastKnownFileType = sourcecode.swift; path = TCAStackNavExampleApp.swift; sourceTree = "<group>"; };
		E8A1A39C2B1D5C7A001F157A /* ContentView.swift */ = {isa = PBXFileReference; lastKnownFileType = sourcecode.swift; path = ContentView.swift; sourceTree = "<group>"; };
		E8A1A39E2B1D5C7D001F157A /* Assets.xcassets */ = {isa = PBXFileReference; lastKnownFileType = folder.assetcatalog; path = Assets.xcassets; sourceTree = "<group>"; };
		E8A1A3A12B1D5C7D001F157A /* Preview Assets.xcassets */ = {isa = PBXFileReference; lastKnownFileType = folder.assetcatalog; path = "Preview Assets.xcassets"; sourceTree = "<group>"; };
/* End PBXFileReference section */

/* Begin PBXFrameworksBuildPhase section */
		E8A1A3942B1D5C7A001F157A /* Frameworks */ = {
			isa = PBXFrameworksBuildPhase;
			buildActionMask = 2147483647;
			files = (
				E8A1A3AA2B1D5CC7001F157A /* TCAStackNav in Frameworks */,
			);
			runOnlyForDeploymentPostprocessing = 0;
		};
/* End PBXFrameworksBuildPhase section */

/* Begin PBXGroup section */
		E8A1A38E2B1D5C7A001F157A = {
			isa = PBXGroup;
			children = (
				E8A1A3992B1D5C7A001F157A /* TCAStackNavExample */,
				E8A1A3982B1D5C7A001F157A /* Products */,
			);
			sourceTree = "<group>";
		};
		E8A1A3982B1D5C7A001F157A /* Products */ = {
			isa = PBXGroup;
			children = (
				E8A1A3972B1D5C7A001F157A /* TCAStackNavExample.app */,
			);
			name = Products;
			sourceTree = "<group>";
		};
		E8A1A3992B1D5C7A001F157A /* TCAStackNavExample */ = {
			isa = PBXGroup;
			children = (
				E8A1A39A2B1D5C7A001F157A /* TCAStackNavExampleApp.swift */,
				E8A1A39C2B1D5C7A001F157A /* ContentView.swift */,
				E8A1A39E2B1D5C7D001F157A /* Assets.xcassets */,
				E8A1A3A02B1D5C7D001F157A /* Preview Content */,
				E80090D52B1D60C40070F8DD /* Screen.swift */,
			);
			path = TCAStackNavExample;
			sourceTree = "<group>";
		};
		E8A1A3A02B1D5C7D001F157A /* Preview Content */ = {
			isa = PBXGroup;
			children = (
				E8A1A3A12B1D5C7D001F157A /* Preview Assets.xcassets */,
			);
			path = "Preview Content";
			sourceTree = "<group>";
		};
/* End PBXGroup section */

/* Begin PBXNativeTarget section */
		E8A1A3962B1D5C7A001F157A /* TCAStackNavExample */ = {
			isa = PBXNativeTarget;
			buildConfigurationList = E8A1A3A52B1D5C7D001F157A /* Build configuration list for PBXNativeTarget "TCAStackNavExample" */;
			buildPhases = (
				E8A1A3932B1D5C7A001F157A /* Sources */,
				E8A1A3942B1D5C7A001F157A /* Frameworks */,
				E8A1A3952B1D5C7A001F157A /* Resources */,
			);
			buildRules = (
			);
			dependencies = (
			);
			name = TCAStackNavExample;
			packageProductDependencies = (
				E8A1A3A92B1D5CC7001F157A /* TCAStackNav */,
			);
			productName = TCAStackNavExample;
			productReference = E8A1A3972B1D5C7A001F157A /* TCAStackNavExample.app */;
			productType = "com.apple.product-type.application";
		};
/* End PBXNativeTarget section */

/* Begin PBXProject section */
		E8A1A38F2B1D5C7A001F157A /* Project object */ = {
			isa = PBXProject;
			attributes = {
				BuildIndependentTargetsInParallel = 1;
				LastSwiftUpdateCheck = 1500;
				LastUpgradeCheck = 1500;
				TargetAttributes = {
					E8A1A3962B1D5C7A001F157A = {
						CreatedOnToolsVersion = 15.0.1;
					};
				};
			};
			buildConfigurationList = E8A1A3922B1D5C7A001F157A /* Build configuration list for PBXProject "TCAStackNavExample" */;
			compatibilityVersion = "Xcode 14.0";
			developmentRegion = en;
			hasScannedForEncodings = 0;
			knownRegions = (
				en,
				Base,
			);
			mainGroup = E8A1A38E2B1D5C7A001F157A;
			packageReferences = (
				E8A1A3A82B1D5CC7001F157A /* XCRemoteSwiftPackageReference "TCAStackNav" */,
			);
			productRefGroup = E8A1A3982B1D5C7A001F157A /* Products */;
			projectDirPath = "";
			projectRoot = "";
			targets = (
				E8A1A3962B1D5C7A001F157A /* TCAStackNavExample */,
			);
		};
/* End PBXProject section */

/* Begin PBXResourcesBuildPhase section */
		E8A1A3952B1D5C7A001F157A /* Resources */ = {
			isa = PBXResourcesBuildPhase;
			buildActionMask = 2147483647;
			files = (
				E8A1A3A22B1D5C7D001F157A /* Preview Assets.xcassets in Resources */,
				E8A1A39F2B1D5C7D001F157A /* Assets.xcassets in Resources */,
			);
			runOnlyForDeploymentPostprocessing = 0;
		};
/* End PBXResourcesBuildPhase section */

/* Begin PBXSourcesBuildPhase section */
		E8A1A3932B1D5C7A001F157A /* Sources */ = {
			isa = PBXSourcesBuildPhase;
			buildActionMask = 2147483647;
			files = (
				E8A1A39D2B1D5C7A001F157A /* ContentView.swift in Sources */,
				E8A1A39B2B1D5C7A001F157A /* TCAStackNavExampleApp.swift in Sources */,
				E80090D62B1D60C40070F8DD /* Screen.swift in Sources */,
			);
			runOnlyForDeploymentPostprocessing = 0;
		};
/* End PBXSourcesBuildPhase section */

/* Begin XCBuildConfiguration section */
		E8A1A3A32B1D5C7D001F157A /* Debug */ = {
			isa = XCBuildConfiguration;
			buildSettings = {
				ALWAYS_SEARCH_USER_PATHS = NO;
				ASSETCATALOG_COMPILER_GENERATE_SWIFT_ASSET_SYMBOL_EXTENSIONS = YES;
				CLANG_ANALYZER_NONNULL = YES;
				CLANG_ANALYZER_NUMBER_OBJECT_CONVERSION = YES_AGGRESSIVE;
				CLANG_CXX_LANGUAGE_STANDARD = "gnu++20";
				CLANG_ENABLE_MODULES = YES;
				CLANG_ENABLE_OBJC_ARC = YES;
				CLANG_ENABLE_OBJC_WEAK = YES;
				CLANG_WARN_BLOCK_CAPTURE_AUTORELEASING = YES;
				CLANG_WARN_BOOL_CONVERSION = YES;
				CLANG_WARN_COMMA = YES;
				CLANG_WARN_CONSTANT_CONVERSION = YES;
				CLANG_WARN_DEPRECATED_OBJC_IMPLEMENTATIONS = YES;
				CLANG_WARN_DIRECT_OBJC_ISA_USAGE = YES_ERROR;
				CLANG_WARN_DOCUMENTATION_COMMENTS = YES;
				CLANG_WARN_EMPTY_BODY = YES;
				CLANG_WARN_ENUM_CONVERSION = YES;
				CLANG_WARN_INFINITE_RECURSION = YES;
				CLANG_WARN_INT_CONVERSION = YES;
				CLANG_WARN_NON_LITERAL_NULL_CONVERSION = YES;
				CLANG_WARN_OBJC_IMPLICIT_RETAIN_SELF = YES;
				CLANG_WARN_OBJC_LITERAL_CONVERSION = YES;
				CLANG_WARN_OBJC_ROOT_CLASS = YES_ERROR;
				CLANG_WARN_QUOTED_INCLUDE_IN_FRAMEWORK_HEADER = YES;
				CLANG_WARN_RANGE_LOOP_ANALYSIS = YES;
				CLANG_WARN_STRICT_PROTOTYPES = YES;
				CLANG_WARN_SUSPICIOUS_MOVE = YES;
				CLANG_WARN_UNGUARDED_AVAILABILITY = YES_AGGRESSIVE;
				CLANG_WARN_UNREACHABLE_CODE = YES;
				CLANG_WARN__DUPLICATE_METHOD_MATCH = YES;
				COPY_PHASE_STRIP = NO;
				DEBUG_INFORMATION_FORMAT = dwarf;
				ENABLE_STRICT_OBJC_MSGSEND = YES;
				ENABLE_TESTABILITY = YES;
				ENABLE_USER_SCRIPT_SANDBOXING = YES;
				GCC_C_LANGUAGE_STANDARD = gnu17;
				GCC_DYNAMIC_NO_PIC = NO;
				GCC_NO_COMMON_BLOCKS = YES;
				GCC_OPTIMIZATION_LEVEL = 0;
				GCC_PREPROCESSOR_DEFINITIONS = (
					"DEBUG=1",
					"$(inherited)",
				);
				GCC_WARN_64_TO_32_BIT_CONVERSION = YES;
				GCC_WARN_ABOUT_RETURN_TYPE = YES_ERROR;
				GCC_WARN_UNDECLARED_SELECTOR = YES;
				GCC_WARN_UNINITIALIZED_AUTOS = YES_AGGRESSIVE;
				GCC_WARN_UNUSED_FUNCTION = YES;
				GCC_WARN_UNUSED_VARIABLE = YES;
				IPHONEOS_DEPLOYMENT_TARGET = 16.0;
				LOCALIZATION_PREFERS_STRING_CATALOGS = YES;
				MTL_ENABLE_DEBUG_INFO = INCLUDE_SOURCE;
				MTL_FAST_MATH = YES;
				ONLY_ACTIVE_ARCH = YES;
				SDKROOT = iphoneos;
				SWIFT_ACTIVE_COMPILATION_CONDITIONS = "DEBUG $(inherited)";
				SWIFT_OPTIMIZATION_LEVEL = "-Onone";
			};
			name = Debug;
		};
		E8A1A3A42B1D5C7D001F157A /* Release */ = {
			isa = XCBuildConfiguration;
			buildSettings = {
				ALWAYS_SEARCH_USER_PATHS = NO;
				ASSETCATALOG_COMPILER_GENERATE_SWIFT_ASSET_SYMBOL_EXTENSIONS = YES;
				CLANG_ANALYZER_NONNULL = YES;
				CLANG_ANALYZER_NUMBER_OBJECT_CONVERSION = YES_AGGRESSIVE;
				CLANG_CXX_LANGUAGE_STANDARD = "gnu++20";
				CLANG_ENABLE_MODULES = YES;
				CLANG_ENABLE_OBJC_ARC = YES;
				CLANG_ENABLE_OBJC_WEAK = YES;
				CLANG_WARN_BLOCK_CAPTURE_AUTORELEASING = YES;
				CLANG_WARN_BOOL_CONVERSION = YES;
				CLANG_WARN_COMMA = YES;
				CLANG_WARN_CONSTANT_CONVERSION = YES;
				CLANG_WARN_DEPRECATED_OBJC_IMPLEMENTATIONS = YES;
				CLANG_WARN_DIRECT_OBJC_ISA_USAGE = YES_ERROR;
				CLANG_WARN_DOCUMENTATION_COMMENTS = YES;
				CLANG_WARN_EMPTY_BODY = YES;
				CLANG_WARN_ENUM_CONVERSION = YES;
				CLANG_WARN_INFINITE_RECURSION = YES;
				CLANG_WARN_INT_CONVERSION = YES;
				CLANG_WARN_NON_LITERAL_NULL_CONVERSION = YES;
				CLANG_WARN_OBJC_IMPLICIT_RETAIN_SELF = YES;
				CLANG_WARN_OBJC_LITERAL_CONVERSION = YES;
				CLANG_WARN_OBJC_ROOT_CLASS = YES_ERROR;
				CLANG_WARN_QUOTED_INCLUDE_IN_FRAMEWORK_HEADER = YES;
				CLANG_WARN_RANGE_LOOP_ANALYSIS = YES;
				CLANG_WARN_STRICT_PROTOTYPES = YES;
				CLANG_WARN_SUSPICIOUS_MOVE = YES;
				CLANG_WARN_UNGUARDED_AVAILABILITY = YES_AGGRESSIVE;
				CLANG_WARN_UNREACHABLE_CODE = YES;
				CLANG_WARN__DUPLICATE_METHOD_MATCH = YES;
				COPY_PHASE_STRIP = NO;
				DEBUG_INFORMATION_FORMAT = "dwarf-with-dsym";
				ENABLE_NS_ASSERTIONS = NO;
				ENABLE_STRICT_OBJC_MSGSEND = YES;
				ENABLE_USER_SCRIPT_SANDBOXING = YES;
				GCC_C_LANGUAGE_STANDARD = gnu17;
				GCC_NO_COMMON_BLOCKS = YES;
				GCC_WARN_64_TO_32_BIT_CONVERSION = YES;
				GCC_WARN_ABOUT_RETURN_TYPE = YES_ERROR;
				GCC_WARN_UNDECLARED_SELECTOR = YES;
				GCC_WARN_UNINITIALIZED_AUTOS = YES_AGGRESSIVE;
				GCC_WARN_UNUSED_FUNCTION = YES;
				GCC_WARN_UNUSED_VARIABLE = YES;
				IPHONEOS_DEPLOYMENT_TARGET = 16.0;
				LOCALIZATION_PREFERS_STRING_CATALOGS = YES;
				MTL_ENABLE_DEBUG_INFO = NO;
				MTL_FAST_MATH = YES;
				SDKROOT = iphoneos;
				SWIFT_COMPILATION_MODE = wholemodule;
				VALIDATE_PRODUCT = YES;
			};
			name = Release;
		};
		E8A1A3A62B1D5C7D001F157A /* Debug */ = {
			isa = XCBuildConfiguration;
			buildSettings = {
				ASSETCATALOG_COMPILER_APPICON_NAME = AppIcon;
				ASSETCATALOG_COMPILER_GLOBAL_ACCENT_COLOR_NAME = AccentColor;
				CODE_SIGN_STYLE = Automatic;
				CURRENT_PROJECT_VERSION = 1;
				DEVELOPMENT_ASSET_PATHS = "\"TCAStackNavExample/Preview Content\"";
				DEVELOPMENT_TEAM = XGJ29R7G4Y;
				ENABLE_PREVIEWS = YES;
				GENERATE_INFOPLIST_FILE = YES;
				INFOPLIST_KEY_UIApplicationSceneManifest_Generation = YES;
				INFOPLIST_KEY_UIApplicationSupportsIndirectInputEvents = YES;
				INFOPLIST_KEY_UILaunchScreen_Generation = YES;
				INFOPLIST_KEY_UISupportedInterfaceOrientations_iPad = "UIInterfaceOrientationPortrait UIInterfaceOrientationPortraitUpsideDown UIInterfaceOrientationLandscapeLeft UIInterfaceOrientationLandscapeRight";
				INFOPLIST_KEY_UISupportedInterfaceOrientations_iPhone = "UIInterfaceOrientationPortrait UIInterfaceOrientationLandscapeLeft UIInterfaceOrientationLandscapeRight";
				LD_RUNPATH_SEARCH_PATHS = (
					"$(inherited)",
					"@executable_path/Frameworks",
				);
				MARKETING_VERSION = 1.0;
				PRODUCT_BUNDLE_IDENTIFIER = "com.rss-618.TCAStackNavExample";
				PRODUCT_NAME = "$(TARGET_NAME)";
				SWIFT_EMIT_LOC_STRINGS = YES;
				SWIFT_VERSION = 5.0;
				TARGETED_DEVICE_FAMILY = "1,2";
			};
			name = Debug;
		};
		E8A1A3A72B1D5C7D001F157A /* Release */ = {
			isa = XCBuildConfiguration;
			buildSettings = {
				ASSETCATALOG_COMPILER_APPICON_NAME = AppIcon;
				ASSETCATALOG_COMPILER_GLOBAL_ACCENT_COLOR_NAME = AccentColor;
				CODE_SIGN_STYLE = Automatic;
				CURRENT_PROJECT_VERSION = 1;
				DEVELOPMENT_ASSET_PATHS = "\"TCAStackNavExample/Preview Content\"";
				DEVELOPMENT_TEAM = XGJ29R7G4Y;
				ENABLE_PREVIEWS = YES;
				GENERATE_INFOPLIST_FILE = YES;
				INFOPLIST_KEY_UIApplicationSceneManifest_Generation = YES;
				INFOPLIST_KEY_UIApplicationSupportsIndirectInputEvents = YES;
				INFOPLIST_KEY_UILaunchScreen_Generation = YES;
				INFOPLIST_KEY_UISupportedInterfaceOrientations_iPad = "UIInterfaceOrientationPortrait UIInterfaceOrientationPortraitUpsideDown UIInterfaceOrientationLandscapeLeft UIInterfaceOrientationLandscapeRight";
				INFOPLIST_KEY_UISupportedInterfaceOrientations_iPhone = "UIInterfaceOrientationPortrait UIInterfaceOrientationLandscapeLeft UIInterfaceOrientationLandscapeRight";
				LD_RUNPATH_SEARCH_PATHS = (
					"$(inherited)",
					"@executable_path/Frameworks",
				);
				MARKETING_VERSION = 1.0;
				PRODUCT_BUNDLE_IDENTIFIER = "com.rss-618.TCAStackNavExample";
				PRODUCT_NAME = "$(TARGET_NAME)";
				SWIFT_EMIT_LOC_STRINGS = YES;
				SWIFT_VERSION = 5.0;
				TARGETED_DEVICE_FAMILY = "1,2";
			};
			name = Release;
		};
/* End XCBuildConfiguration section */

/* Begin XCConfigurationList section */
		E8A1A3922B1D5C7A001F157A /* Build configuration list for PBXProject "TCAStackNavExample" */ = {
			isa = XCConfigurationList;
			buildConfigurations = (
				E8A1A3A32B1D5C7D001F157A /* Debug */,
				E8A1A3A42B1D5C7D001F157A /* Release */,
			);
			defaultConfigurationIsVisible = 0;
			defaultConfigurationName = Release;
		};
		E8A1A3A52B1D5C7D001F157A /* Build configuration list for PBXNativeTarget "TCAStackNavExample" */ = {
			isa = XCConfigurationList;
			buildConfigurations = (
				E8A1A3A62B1D5C7D001F157A /* Debug */,
				E8A1A3A72B1D5C7D001F157A /* Release */,
			);
			defaultConfigurationIsVisible = 0;
			defaultConfigurationName = Release;
		};
/* End XCConfigurationList section */

/* Begin XCRemoteSwiftPackageReference section */
		E8A1A3A82B1D5CC7001F157A /* XCRemoteSwiftPackageReference "TCAStackNav" */ = {
			isa = XCRemoteSwiftPackageReference;
			repositoryURL = "https://github.com/rss-618/TCAStackNav";
			requirement = {
				branch = dev;
				kind = branch;
			};
		};
/* End XCRemoteSwiftPackageReference section */

/* Begin XCSwiftPackageProductDependency section */
		E8A1A3A92B1D5CC7001F157A /* TCAStackNav */ = {
			isa = XCSwiftPackageProductDependency;
			package = E8A1A3A82B1D5CC7001F157A /* XCRemoteSwiftPackageReference "TCAStackNav" */;
			productName = TCAStackNav;
		};
/* End XCSwiftPackageProductDependency section */
	};
	rootObject = E8A1A38F2B1D5C7A001F157A /* Project object */;
}
