// !$*UTF8*$!
{
	archiveVersion = 1;
	classes = {
	};
	objectVersion = 56;
	objects = {

/* Begin PBXBuildFile section */
		E8EC2A232B1C582A00908173 /* TCAStackNav.docc in Sources */ = {isa = PBXBuildFile; fileRef = E8EC2A222B1C582A00908173 /* TCAStackNav.docc */; };
		E8EC2A292B1C582A00908173 /* TCAStackNav.framework in Frameworks */ = {isa = PBXBuildFile; fileRef = E8EC2A1E2B1C582A00908173 /* TCAStackNav.framework */; };
		E8EC2A2E2B1C582A00908173 /* TCAStackNavTests.swift in Sources */ = {isa = PBXBuildFile; fileRef = E8EC2A2D2B1C582A00908173 /* TCAStackNavTests.swift */; };
		E8EC2A2F2B1C582A00908173 /* TCAStackNav.h in Headers */ = {isa = PBXBuildFile; fileRef = E8EC2A212B1C582A00908173 /* TCAStackNav.h */; settings = {ATTRIBUTES = (Public, ); }; };
/* End PBXBuildFile section */

/* Begin PBXContainerItemProxy section */
		E8EC2A2A2B1C582A00908173 /* PBXContainerItemProxy */ = {
			isa = PBXContainerItemProxy;
			containerPortal = E8EC2A152B1C582A00908173 /* Project object */;
			proxyType = 1;
			remoteGlobalIDString = E8EC2A1D2B1C582A00908173;
			remoteInfo = TCAStackNav;
		};
/* End PBXContainerItemProxy section */

/* Begin PBXFileReference section */
		E8EC2A1E2B1C582A00908173 /* TCAStackNav.framework */ = {isa = PBXFileReference; explicitFileType = wrapper.framework; includeInIndex = 0; path = TCAStackNav.framework; sourceTree = BUILT_PRODUCTS_DIR; };
		E8EC2A212B1C582A00908173 /* TCAStackNav.h */ = {isa = PBXFileReference; lastKnownFileType = sourcecode.c.h; path = TCAStackNav.h; sourceTree = "<group>"; };
		E8EC2A222B1C582A00908173 /* TCAStackNav.docc */ = {isa = PBXFileReference; lastKnownFileType = folder.documentationcatalog; path = TCAStackNav.docc; sourceTree = "<group>"; };
		E8EC2A282B1C582A00908173 /* TCAStackNavTests.xctest */ = {isa = PBXFileReference; explicitFileType = wrapper.cfbundle; includeInIndex = 0; path = TCAStackNavTests.xctest; sourceTree = BUILT_PRODUCTS_DIR; };
		E8EC2A2D2B1C582A00908173 /* TCAStackNavTests.swift */ = {isa = PBXFileReference; lastKnownFileType = sourcecode.swift; path = TCAStackNavTests.swift; sourceTree = "<group>"; };
/* End PBXFileReference section */

/* Begin PBXFrameworksBuildPhase section */
		E8EC2A1B2B1C582A00908173 /* Frameworks */ = {
			isa = PBXFrameworksBuildPhase;
			buildActionMask = 2147483647;
			files = (
			);
			runOnlyForDeploymentPostprocessing = 0;
		};
		E8EC2A252B1C582A00908173 /* Frameworks */ = {
			isa = PBXFrameworksBuildPhase;
			buildActionMask = 2147483647;
			files = (
				E8EC2A292B1C582A00908173 /* TCAStackNav.framework in Frameworks */,
			);
			runOnlyForDeploymentPostprocessing = 0;
		};
/* End PBXFrameworksBuildPhase section */

/* Begin PBXGroup section */
		E8EC2A142B1C582A00908173 = {
			isa = PBXGroup;
			children = (
				E8EC2A202B1C582A00908173 /* TCAStackNav */,
				E8EC2A2C2B1C582A00908173 /* TCAStackNavTests */,
				E8EC2A1F2B1C582A00908173 /* Products */,
			);
			sourceTree = "<group>";
		};
		E8EC2A1F2B1C582A00908173 /* Products */ = {
			isa = PBXGroup;
			children = (
				E8EC2A1E2B1C582A00908173 /* TCAStackNav.framework */,
				E8EC2A282B1C582A00908173 /* TCAStackNavTests.xctest */,
			);
			name = Products;
			sourceTree = "<group>";
		};
		E8EC2A202B1C582A00908173 /* TCAStackNav */ = {
			isa = PBXGroup;
			children = (
				E8EC2A212B1C582A00908173 /* TCAStackNav.h */,
				E8EC2A222B1C582A00908173 /* TCAStackNav.docc */,
			);
			path = TCAStackNav;
			sourceTree = "<group>";
		};
		E8EC2A2C2B1C582A00908173 /* TCAStackNavTests */ = {
			isa = PBXGroup;
			children = (
				E8EC2A2D2B1C582A00908173 /* TCAStackNavTests.swift */,
			);
			path = TCAStackNavTests;
			sourceTree = "<group>";
		};
/* End PBXGroup section */

/* Begin PBXHeadersBuildPhase section */
		E8EC2A192B1C582A00908173 /* Headers */ = {
			isa = PBXHeadersBuildPhase;
			buildActionMask = 2147483647;
			files = (
				E8EC2A2F2B1C582A00908173 /* TCAStackNav.h in Headers */,
			);
			runOnlyForDeploymentPostprocessing = 0;
		};
/* End PBXHeadersBuildPhase section */

/* Begin PBXNativeTarget section */
		E8EC2A1D2B1C582A00908173 /* TCAStackNav */ = {
			isa = PBXNativeTarget;
			buildConfigurationList = E8EC2A322B1C582A00908173 /* Build configuration list for PBXNativeTarget "TCAStackNav" */;
			buildPhases = (
				E8EC2A192B1C582A00908173 /* Headers */,
				E8EC2A1A2B1C582A00908173 /* Sources */,
				E8EC2A1B2B1C582A00908173 /* Frameworks */,
				E8EC2A1C2B1C582A00908173 /* Resources */,
			);
			buildRules = (
			);
			dependencies = (
			);
			name = TCAStackNav;
			productName = TCAStackNav;
			productReference = E8EC2A1E2B1C582A00908173 /* TCAStackNav.framework */;
			productType = "com.apple.product-type.framework";
		};
		E8EC2A272B1C582A00908173 /* TCAStackNavTests */ = {
			isa = PBXNativeTarget;
			buildConfigurationList = E8EC2A352B1C582A00908173 /* Build configuration list for PBXNativeTarget "TCAStackNavTests" */;
			buildPhases = (
				E8EC2A242B1C582A00908173 /* Sources */,
				E8EC2A252B1C582A00908173 /* Frameworks */,
				E8EC2A262B1C582A00908173 /* Resources */,
			);
			buildRules = (
			);
			dependencies = (
				E8EC2A2B2B1C582A00908173 /* PBXTargetDependency */,
			);
			name = TCAStackNavTests;
			productName = TCAStackNavTests;
			productReference = E8EC2A282B1C582A00908173 /* TCAStackNavTests.xctest */;
			productType = "com.apple.product-type.bundle.unit-test";
		};
/* End PBXNativeTarget section */

/* Begin PBXProject section */
		E8EC2A152B1C582A00908173 /* Project object */ = {
			isa = PBXProject;
			attributes = {
				BuildIndependentTargetsInParallel = 1;
				LastSwiftUpdateCheck = 1500;
				LastUpgradeCheck = 1500;
				TargetAttributes = {
					E8EC2A1D2B1C582A00908173 = {
						CreatedOnToolsVersion = 15.0.1;
					};
					E8EC2A272B1C582A00908173 = {
						CreatedOnToolsVersion = 15.0.1;
					};
				};
			};
			buildConfigurationList = E8EC2A182B1C582A00908173 /* Build configuration list for PBXProject "TCAStackNav" */;
			compatibilityVersion = "Xcode 14.0";
			developmentRegion = en;
			hasScannedForEncodings = 0;
			knownRegions = (
				en,
				Base,
			);
			mainGroup = E8EC2A142B1C582A00908173;
			productRefGroup = E8EC2A1F2B1C582A00908173 /* Products */;
			projectDirPath = "";
			projectRoot = "";
			targets = (
				E8EC2A1D2B1C582A00908173 /* TCAStackNav */,
				E8EC2A272B1C582A00908173 /* TCAStackNavTests */,
			);
		};
/* End PBXProject section */

/* Begin PBXResourcesBuildPhase section */
		E8EC2A1C2B1C582A00908173 /* Resources */ = {
			isa = PBXResourcesBuildPhase;
			buildActionMask = 2147483647;
			files = (
			);
			runOnlyForDeploymentPostprocessing = 0;
		};
		E8EC2A262B1C582A00908173 /* Resources */ = {
			isa = PBXResourcesBuildPhase;
			buildActionMask = 2147483647;
			files = (
			);
			runOnlyForDeploymentPostprocessing = 0;
		};
/* End PBXResourcesBuildPhase section */

/* Begin PBXSourcesBuildPhase section */
		E8EC2A1A2B1C582A00908173 /* Sources */ = {
			isa = PBXSourcesBuildPhase;
			buildActionMask = 2147483647;
			files = (
				E8EC2A232B1C582A00908173 /* TCAStackNav.docc in Sources */,
			);
			runOnlyForDeploymentPostprocessing = 0;
		};
		E8EC2A242B1C582A00908173 /* Sources */ = {
			isa = PBXSourcesBuildPhase;
			buildActionMask = 2147483647;
			files = (
				E8EC2A2E2B1C582A00908173 /* TCAStackNavTests.swift in Sources */,
			);
			runOnlyForDeploymentPostprocessing = 0;
		};
/* End PBXSourcesBuildPhase section */

/* Begin PBXTargetDependency section */
		E8EC2A2B2B1C582A00908173 /* PBXTargetDependency */ = {
			isa = PBXTargetDependency;
			target = E8EC2A1D2B1C582A00908173 /* TCAStackNav */;
			targetProxy = E8EC2A2A2B1C582A00908173 /* PBXContainerItemProxy */;
		};
/* End PBXTargetDependency section */

/* Begin XCBuildConfiguration section */
		E8EC2A302B1C582A00908173 /* Debug */ = {
			isa = XCBuildConfiguration;
			buildSettings = {
				ALWAYS_SEARCH_USER_PATHS = NO;
				ASSETCATALOG_COMPILER_GENERATE_SWIFT_ASSET_SYMBOL_EXTENSIONS = YES;
				CLANG_ANALYZER_NONNULL = YES;
				CLANG_ANALYZER_NUMBER_OBJECT_CONVERSION = YES_AGGRESSIVE;
				CLANG_CXX_LANGUAGE_STANDARD = "gnu++20";
				CLANG_ENABLE_MODULES = YES;
				CLANG_ENABLE_OBJC_ARC = YES;
				CLANG_ENABLE_OBJC_WEAK = YES;
				CLANG_WARN_BLOCK_CAPTURE_AUTORELEASING = YES;
				CLANG_WARN_BOOL_CONVERSION = YES;
				CLANG_WARN_COMMA = YES;
				CLANG_WARN_CONSTANT_CONVERSION = YES;
				CLANG_WARN_DEPRECATED_OBJC_IMPLEMENTATIONS = YES;
				CLANG_WARN_DIRECT_OBJC_ISA_USAGE = YES_ERROR;
				CLANG_WARN_DOCUMENTATION_COMMENTS = YES;
				CLANG_WARN_EMPTY_BODY = YES;
				CLANG_WARN_ENUM_CONVERSION = YES;
				CLANG_WARN_INFINITE_RECURSION = YES;
				CLANG_WARN_INT_CONVERSION = YES;
				CLANG_WARN_NON_LITERAL_NULL_CONVERSION = YES;
				CLANG_WARN_OBJC_IMPLICIT_RETAIN_SELF = YES;
				CLANG_WARN_OBJC_LITERAL_CONVERSION = YES;
				CLANG_WARN_OBJC_ROOT_CLASS = YES_ERROR;
				CLANG_WARN_QUOTED_INCLUDE_IN_FRAMEWORK_HEADER = YES;
				CLANG_WARN_RANGE_LOOP_ANALYSIS = YES;
				CLANG_WARN_STRICT_PROTOTYPES = YES;
				CLANG_WARN_SUSPICIOUS_MOVE = YES;
				CLANG_WARN_UNGUARDED_AVAILABILITY = YES_AGGRESSIVE;
				CLANG_WARN_UNREACHABLE_CODE = YES;
				CLANG_WARN__DUPLICATE_METHOD_MATCH = YES;
				COPY_PHASE_STRIP = NO;
				CURRENT_PROJECT_VERSION = 1;
				DEBUG_INFORMATION_FORMAT = dwarf;
				ENABLE_STRICT_OBJC_MSGSEND = YES;
				ENABLE_TESTABILITY = YES;
				ENABLE_USER_SCRIPT_SANDBOXING = YES;
				GCC_C_LANGUAGE_STANDARD = gnu17;
				GCC_DYNAMIC_NO_PIC = NO;
				GCC_NO_COMMON_BLOCKS = YES;
				GCC_OPTIMIZATION_LEVEL = 0;
				GCC_PREPROCESSOR_DEFINITIONS = (
					"DEBUG=1",
					"$(inherited)",
				);
				GCC_WARN_64_TO_32_BIT_CONVERSION = YES;
				GCC_WARN_ABOUT_RETURN_TYPE = YES_ERROR;
				GCC_WARN_UNDECLARED_SELECTOR = YES;
				GCC_WARN_UNINITIALIZED_AUTOS = YES_AGGRESSIVE;
				GCC_WARN_UNUSED_FUNCTION = YES;
				GCC_WARN_UNUSED_VARIABLE = YES;
				IPHONEOS_DEPLOYMENT_TARGET = 17.0;
				LOCALIZATION_PREFERS_STRING_CATALOGS = YES;
				MTL_ENABLE_DEBUG_INFO = INCLUDE_SOURCE;
				MTL_FAST_MATH = YES;
				ONLY_ACTIVE_ARCH = YES;
				SDKROOT = iphoneos;
				SWIFT_ACTIVE_COMPILATION_CONDITIONS = "DEBUG $(inherited)";
				SWIFT_OPTIMIZATION_LEVEL = "-Onone";
				VERSIONING_SYSTEM = "apple-generic";
				VERSION_INFO_PREFIX = "";
			};
			name = Debug;
		};
		E8EC2A312B1C582A00908173 /* Release */ = {
			isa = XCBuildConfiguration;
			buildSettings = {
				ALWAYS_SEARCH_USER_PATHS = NO;
				ASSETCATALOG_COMPILER_GENERATE_SWIFT_ASSET_SYMBOL_EXTENSIONS = YES;
				CLANG_ANALYZER_NONNULL = YES;
				CLANG_ANALYZER_NUMBER_OBJECT_CONVERSION = YES_AGGRESSIVE;
				CLANG_CXX_LANGUAGE_STANDARD = "gnu++20";
				CLANG_ENABLE_MODULES = YES;
				CLANG_ENABLE_OBJC_ARC = YES;
				CLANG_ENABLE_OBJC_WEAK = YES;
				CLANG_WARN_BLOCK_CAPTURE_AUTORELEASING = YES;
				CLANG_WARN_BOOL_CONVERSION = YES;
				CLANG_WARN_COMMA = YES;
				CLANG_WARN_CONSTANT_CONVERSION = YES;
				CLANG_WARN_DEPRECATED_OBJC_IMPLEMENTATIONS = YES;
				CLANG_WARN_DIRECT_OBJC_ISA_USAGE = YES_ERROR;
				CLANG_WARN_DOCUMENTATION_COMMENTS = YES;
				CLANG_WARN_EMPTY_BODY = YES;
				CLANG_WARN_ENUM_CONVERSION = YES;
				CLANG_WARN_INFINITE_RECURSION = YES;
				CLANG_WARN_INT_CONVERSION = YES;
				CLANG_WARN_NON_LITERAL_NULL_CONVERSION = YES;
				CLANG_WARN_OBJC_IMPLICIT_RETAIN_SELF = YES;
				CLANG_WARN_OBJC_LITERAL_CONVERSION = YES;
				CLANG_WARN_OBJC_ROOT_CLASS = YES_ERROR;
				CLANG_WARN_QUOTED_INCLUDE_IN_FRAMEWORK_HEADER = YES;
				CLANG_WARN_RANGE_LOOP_ANALYSIS = YES;
				CLANG_WARN_STRICT_PROTOTYPES = YES;
				CLANG_WARN_SUSPICIOUS_MOVE = YES;
				CLANG_WARN_UNGUARDED_AVAILABILITY = YES_AGGRESSIVE;
				CLANG_WARN_UNREACHABLE_CODE = YES;
				CLANG_WARN__DUPLICATE_METHOD_MATCH = YES;
				COPY_PHASE_STRIP = NO;
				CURRENT_PROJECT_VERSION = 1;
				DEBUG_INFORMATION_FORMAT = "dwarf-with-dsym";
				ENABLE_NS_ASSERTIONS = NO;
				ENABLE_STRICT_OBJC_MSGSEND = YES;
				ENABLE_USER_SCRIPT_SANDBOXING = YES;
				GCC_C_LANGUAGE_STANDARD = gnu17;
				GCC_NO_COMMON_BLOCKS = YES;
				GCC_WARN_64_TO_32_BIT_CONVERSION = YES;
				GCC_WARN_ABOUT_RETURN_TYPE = YES_ERROR;
				GCC_WARN_UNDECLARED_SELECTOR = YES;
				GCC_WARN_UNINITIALIZED_AUTOS = YES_AGGRESSIVE;
				GCC_WARN_UNUSED_FUNCTION = YES;
				GCC_WARN_UNUSED_VARIABLE = YES;
				IPHONEOS_DEPLOYMENT_TARGET = 17.0;
				LOCALIZATION_PREFERS_STRING_CATALOGS = YES;
				MTL_ENABLE_DEBUG_INFO = NO;
				MTL_FAST_MATH = YES;
				SDKROOT = iphoneos;
				SWIFT_COMPILATION_MODE = wholemodule;
				VALIDATE_PRODUCT = YES;
				VERSIONING_SYSTEM = "apple-generic";
				VERSION_INFO_PREFIX = "";
			};
			name = Release;
		};
		E8EC2A332B1C582A00908173 /* Debug */ = {
			isa = XCBuildConfiguration;
			buildSettings = {
				CODE_SIGN_STYLE = Automatic;
				CURRENT_PROJECT_VERSION = 1;
				DEFINES_MODULE = YES;
				DEVELOPMENT_TEAM = XGJ29R7G4Y;
				DYLIB_COMPATIBILITY_VERSION = 1;
				DYLIB_CURRENT_VERSION = 1;
				DYLIB_INSTALL_NAME_BASE = "@rpath";
				ENABLE_MODULE_VERIFIER = YES;
				GENERATE_INFOPLIST_FILE = YES;
				INFOPLIST_KEY_NSHumanReadableCopyright = "";
				INSTALL_PATH = "$(LOCAL_LIBRARY_DIR)/Frameworks";
				LD_RUNPATH_SEARCH_PATHS = (
					"$(inherited)",
					"@executable_path/Frameworks",
					"@loader_path/Frameworks",
				);
				MARKETING_VERSION = 1.0;
				MODULE_VERIFIER_SUPPORTED_LANGUAGES = "objective-c objective-c++";
				MODULE_VERIFIER_SUPPORTED_LANGUAGE_STANDARDS = "gnu17 gnu++20";
				PRODUCT_BUNDLE_IDENTIFIER = "com.rss-618.TCAStackNav";
				PRODUCT_NAME = "$(TARGET_NAME:c99extidentifier)";
				SKIP_INSTALL = YES;
				SWIFT_EMIT_LOC_STRINGS = YES;
				SWIFT_VERSION = 5.0;
				TARGETED_DEVICE_FAMILY = "1,2";
			};
			name = Debug;
		};
		E8EC2A342B1C582A00908173 /* Release */ = {
			isa = XCBuildConfiguration;
			buildSettings = {
				CODE_SIGN_STYLE = Automatic;
				CURRENT_PROJECT_VERSION = 1;
				DEFINES_MODULE = YES;
				DEVELOPMENT_TEAM = XGJ29R7G4Y;
				DYLIB_COMPATIBILITY_VERSION = 1;
				DYLIB_CURRENT_VERSION = 1;
				DYLIB_INSTALL_NAME_BASE = "@rpath";
				ENABLE_MODULE_VERIFIER = YES;
				GENERATE_INFOPLIST_FILE = YES;
				INFOPLIST_KEY_NSHumanReadableCopyright = "";
				INSTALL_PATH = "$(LOCAL_LIBRARY_DIR)/Frameworks";
				LD_RUNPATH_SEARCH_PATHS = (
					"$(inherited)",
					"@executable_path/Frameworks",
					"@loader_path/Frameworks",
				);
				MARKETING_VERSION = 1.0;
				MODULE_VERIFIER_SUPPORTED_LANGUAGES = "objective-c objective-c++";
				MODULE_VERIFIER_SUPPORTED_LANGUAGE_STANDARDS = "gnu17 gnu++20";
				PRODUCT_BUNDLE_IDENTIFIER = "com.rss-618.TCAStackNav";
				PRODUCT_NAME = "$(TARGET_NAME:c99extidentifier)";
				SKIP_INSTALL = YES;
				SWIFT_EMIT_LOC_STRINGS = YES;
				SWIFT_VERSION = 5.0;
				TARGETED_DEVICE_FAMILY = "1,2";
			};
			name = Release;
		};
		E8EC2A362B1C582A00908173 /* Debug */ = {
			isa = XCBuildConfiguration;
			buildSettings = {
				CODE_SIGN_STYLE = Automatic;
				CURRENT_PROJECT_VERSION = 1;
				DEVELOPMENT_TEAM = XGJ29R7G4Y;
				GENERATE_INFOPLIST_FILE = YES;
				MARKETING_VERSION = 1.0;
				PRODUCT_BUNDLE_IDENTIFIER = "com.rss-618.TCAStackNavTests";
				PRODUCT_NAME = "$(TARGET_NAME)";
				SWIFT_EMIT_LOC_STRINGS = NO;
				SWIFT_VERSION = 5.0;
				TARGETED_DEVICE_FAMILY = "1,2";
			};
			name = Debug;
		};
		E8EC2A372B1C582A00908173 /* Release */ = {
			isa = XCBuildConfiguration;
			buildSettings = {
				CODE_SIGN_STYLE = Automatic;
				CURRENT_PROJECT_VERSION = 1;
				DEVELOPMENT_TEAM = XGJ29R7G4Y;
				GENERATE_INFOPLIST_FILE = YES;
				MARKETING_VERSION = 1.0;
				PRODUCT_BUNDLE_IDENTIFIER = "com.rss-618.TCAStackNavTests";
				PRODUCT_NAME = "$(TARGET_NAME)";
				SWIFT_EMIT_LOC_STRINGS = NO;
				SWIFT_VERSION = 5.0;
				TARGETED_DEVICE_FAMILY = "1,2";
			};
			name = Release;
		};
/* End XCBuildConfiguration section */

/* Begin XCConfigurationList section */
		E8EC2A182B1C582A00908173 /* Build configuration list for PBXProject "TCAStackNav" */ = {
			isa = XCConfigurationList;
			buildConfigurations = (
				E8EC2A302B1C582A00908173 /* Debug */,
				E8EC2A312B1C582A00908173 /* Release */,
			);
			defaultConfigurationIsVisible = 0;
			defaultConfigurationName = Release;
		};
		E8EC2A322B1C582A00908173 /* Build configuration list for PBXNativeTarget "TCAStackNav" */ = {
			isa = XCConfigurationList;
			buildConfigurations = (
				E8EC2A332B1C582A00908173 /* Debug */,
				E8EC2A342B1C582A00908173 /* Release */,
			);
			defaultConfigurationIsVisible = 0;
			defaultConfigurationName = Release;
		};
		E8EC2A352B1C582A00908173 /* Build configuration list for PBXNativeTarget "TCAStackNavTests" */ = {
			isa = XCConfigurationList;
			buildConfigurations = (
				E8EC2A362B1C582A00908173 /* Debug */,
				E8EC2A372B1C582A00908173 /* Release */,
			);
			defaultConfigurationIsVisible = 0;
			defaultConfigurationName = Release;
		};
/* End XCConfigurationList section */
	};
	rootObject = E8EC2A152B1C582A00908173 /* Project object */;
}
